
Microsoft Visual Studio Solution File, Format Version 12.00
# Visual Studio Version 17
VisualStudioVersion = 17.13.35931.197 d17.13
MinimumVisualStudioVersion = 10.0.40219.1
Project("{FAE04EC0-301F-11D3-BF4B-00C04F79EFBC}") = "Pet", "Pet.csproj", "{3DDEA2A3-182E-463C-941D-7426D20CF33D}"
EndProject
Global
	GlobalSection(SolutionConfigurationPlatforms) = preSolution
		Debug|Any CPU = Debug|Any CPU
		Release|Any CPU = Release|Any CPU
	EndGlobalSection
	GlobalSection(ProjectConfigurationPlatforms) = postSolution
		{3DDEA2A3-182E-463C-941D-7426D20CF33D}.Debug|Any CPU.ActiveCfg = Debug|Any CPU
		{3DDEA2A3-182E-463C-941D-7426D20CF33D}.Debug|Any CPU.Build.0 = Debug|Any CPU
		{3DDEA2A3-182E-463C-941D-7426D20CF33D}.Release|Any CPU.ActiveCfg = Release|Any CPU
		{3DDEA2A3-182E-463C-941D-7426D20CF33D}.Release|Any CPU.Build.0 = Release|Any CPU
	EndGlobalSection
	GlobalSection(SolutionProperties) = preSolution
		HideSolutionNode = FALSE
	EndGlobalSection
	GlobalSection(ExtensibilityGlobals) = postSolution
		SolutionGuid = {F966C939-4F5B-46B8-B724-F11B5C5F3C58}
	EndGlobalSection
EndGlobal
