
Microsoft Visual Studio Solution File, Format Version 12.00
# Visual Studio Version 17
VisualStudioVersion = 17.13.35931.197 d17.13
MinimumVisualStudioVersion = 10.0.40219.1
Project("{FAE04EC0-301F-11D3-BF4B-00C04F79EFBC}") = "Time", "Time.csproj", "{44CEE755-4819-4200-9B94-EF7CFE4D1C82}"
EndProject
Global
	GlobalSection(SolutionConfigurationPlatforms) = preSolution
		Debug|Any CPU = Debug|Any CPU
		Release|Any CPU = Release|Any CPU
	EndGlobalSection
	GlobalSection(ProjectConfigurationPlatforms) = postSolution
		{44CEE755-4819-4200-9B94-EF7CFE4D1C82}.Debug|Any CPU.ActiveCfg = Debug|Any CPU
		{44CEE755-4819-4200-9B94-EF7CFE4D1C82}.Debug|Any CPU.Build.0 = Debug|Any CPU
		{44CEE755-4819-4200-9B94-EF7CFE4D1C82}.Release|Any CPU.ActiveCfg = Release|Any CPU
		{44CEE755-4819-4200-9B94-EF7CFE4D1C82}.Release|Any CPU.Build.0 = Release|Any CPU
	EndGlobalSection
	GlobalSection(SolutionProperties) = preSolution
		HideSolutionNode = FALSE
	EndGlobalSection
	GlobalSection(ExtensibilityGlobals) = postSolution
		SolutionGuid = {99C53BC6-75C3-40D5-943C-EA055C7636AA}
	EndGlobalSection
EndGlobal
