
Microsoft Visual Studio Solution File, Format Version 12.00
# Visual Studio Version 17
VisualStudioVersion = 17.13.35931.197 d17.13
MinimumVisualStudioVersion = 10.0.40219.1
Project("{FAE04EC0-301F-11D3-BF4B-00C04F79EFBC}") = "Complex", "Complex.csproj", "{D195F606-7C63-4808-B0DA-E3502B4F715A}"
EndProject
Global
	GlobalSection(SolutionConfigurationPlatforms) = preSolution
		Debug|Any CPU = Debug|Any CPU
		Release|Any CPU = Release|Any CPU
	EndGlobalSection
	GlobalSection(ProjectConfigurationPlatforms) = postSolution
		{D195F606-7C63-4808-B0DA-E3502B4F715A}.Debug|Any CPU.ActiveCfg = Debug|Any CPU
		{D195F606-7C63-4808-B0DA-E3502B4F715A}.Debug|Any CPU.Build.0 = Debug|Any CPU
		{D195F606-7C63-4808-B0DA-E3502B4F715A}.Release|Any CPU.ActiveCfg = Release|Any CPU
		{D195F606-7C63-4808-B0DA-E3502B4F715A}.Release|Any CPU.Build.0 = Release|Any CPU
	EndGlobalSection
	GlobalSection(SolutionProperties) = preSolution
		HideSolutionNode = FALSE
	EndGlobalSection
	GlobalSection(ExtensibilityGlobals) = postSolution
		SolutionGuid = {C58C0E51-1947-4E93-B184-E90426D6DF13}
	EndGlobalSection
EndGlobal
